
Microsoft Visual Studio Solution File, Format Version 12.00
# Visual Studio Version 17
VisualStudioVersion = 17.0.31903.59
MinimumVisualStudioVersion = 10.0.40219.1
Project("{FAE04EC0-301F-11D3-BF4B-00C04F79EFBC}") = "MyPcBuild.AppHost", "MyPcBuild.AppHost\MyPcBuild.AppHost.csproj", "{A537378B-4E08-436D-9BFB-956DC3270EAC}"
EndProject
Project("{FAE04EC0-301F-11D3-BF4B-00C04F79EFBC}") = "MyPcBuild.ApiService", "MyPcBuild.ApiService\MyPcBuild.ApiService.csproj", "{BB696179-4022-44EB-95F2-189E889935AC}"
EndProject
Project("{FAE04EC0-301F-11D3-BF4B-00C04F79EFBC}") = "MyPcBuild.ServiceDefaults", "MyPcBuild.ServiceDefaults\MyPcBuild.ServiceDefaults.csproj", "{E950CA24-FE13-4967-B513-878BEE0C3056}"
EndProject
Project("{FAE04EC0-301F-11D3-BF4B-00C04F79EFBC}") = "MyPcBuild.Tests", "MyPcBuild.Tests\MyPcBuild.Tests.csproj", "{AC08C932-EE1C-4959-9D02-9B934D3C35BC}"
EndProject
Global
	GlobalSection(SolutionConfigurationPlatforms) = preSolution
		Debug|Any CPU = Debug|Any CPU
		Debug|x64 = Debug|x64
		Debug|x86 = Debug|x86
		Release|Any CPU = Release|Any CPU
		Release|x64 = Release|x64
		Release|x86 = Release|x86
	EndGlobalSection
	GlobalSection(ProjectConfigurationPlatforms) = postSolution
		{A537378B-4E08-436D-9BFB-956DC3270EAC}.Debug|Any CPU.ActiveCfg = Debug|Any CPU
		{A537378B-4E08-436D-9BFB-956DC3270EAC}.Debug|Any CPU.Build.0 = Debug|Any CPU
		{A537378B-4E08-436D-9BFB-956DC3270EAC}.Debug|x64.ActiveCfg = Debug|Any CPU
		{A537378B-4E08-436D-9BFB-956DC3270EAC}.Debug|x64.Build.0 = Debug|Any CPU
		{A537378B-4E08-436D-9BFB-956DC3270EAC}.Debug|x86.ActiveCfg = Debug|Any CPU
		{A537378B-4E08-436D-9BFB-956DC3270EAC}.Debug|x86.Build.0 = Debug|Any CPU
		{A537378B-4E08-436D-9BFB-956DC3270EAC}.Release|Any CPU.ActiveCfg = Release|Any CPU
		{A537378B-4E08-436D-9BFB-956DC3270EAC}.Release|Any CPU.Build.0 = Release|Any CPU
		{A537378B-4E08-436D-9BFB-956DC3270EAC}.Release|x64.ActiveCfg = Release|Any CPU
		{A537378B-4E08-436D-9BFB-956DC3270EAC}.Release|x64.Build.0 = Release|Any CPU
		{A537378B-4E08-436D-9BFB-956DC3270EAC}.Release|x86.ActiveCfg = Release|Any CPU
		{A537378B-4E08-436D-9BFB-956DC3270EAC}.Release|x86.Build.0 = Release|Any CPU
		{BB696179-4022-44EB-95F2-189E889935AC}.Debug|Any CPU.ActiveCfg = Debug|Any CPU
		{BB696179-4022-44EB-95F2-189E889935AC}.Debug|Any CPU.Build.0 = Debug|Any CPU
		{BB696179-4022-44EB-95F2-189E889935AC}.Debug|x64.ActiveCfg = Debug|Any CPU
		{BB696179-4022-44EB-95F2-189E889935AC}.Debug|x64.Build.0 = Debug|Any CPU
		{BB696179-4022-44EB-95F2-189E889935AC}.Debug|x86.ActiveCfg = Debug|Any CPU
		{BB696179-4022-44EB-95F2-189E889935AC}.Debug|x86.Build.0 = Debug|Any CPU
		{BB696179-4022-44EB-95F2-189E889935AC}.Release|Any CPU.ActiveCfg = Release|Any CPU
		{BB696179-4022-44EB-95F2-189E889935AC}.Release|Any CPU.Build.0 = Release|Any CPU
		{BB696179-4022-44EB-95F2-189E889935AC}.Release|x64.ActiveCfg = Release|Any CPU
		{BB696179-4022-44EB-95F2-189E889935AC}.Release|x64.Build.0 = Release|Any CPU
		{BB696179-4022-44EB-95F2-189E889935AC}.Release|x86.ActiveCfg = Release|Any CPU
		{BB696179-4022-44EB-95F2-189E889935AC}.Release|x86.Build.0 = Release|Any CPU
		{E950CA24-FE13-4967-B513-878BEE0C3056}.Debug|Any CPU.ActiveCfg = Debug|Any CPU
		{E950CA24-FE13-4967-B513-878BEE0C3056}.Debug|Any CPU.Build.0 = Debug|Any CPU
		{E950CA24-FE13-4967-B513-878BEE0C3056}.Debug|x64.ActiveCfg = Debug|Any CPU
		{E950CA24-FE13-4967-B513-878BEE0C3056}.Debug|x64.Build.0 = Debug|Any CPU
		{E950CA24-FE13-4967-B513-878BEE0C3056}.Debug|x86.ActiveCfg = Debug|Any CPU
		{E950CA24-FE13-4967-B513-878BEE0C3056}.Debug|x86.Build.0 = Debug|Any CPU
		{E950CA24-FE13-4967-B513-878BEE0C3056}.Release|Any CPU.ActiveCfg = Release|Any CPU
		{E950CA24-FE13-4967-B513-878BEE0C3056}.Release|Any CPU.Build.0 = Release|Any CPU
		{E950CA24-FE13-4967-B513-878BEE0C3056}.Release|x64.ActiveCfg = Release|Any CPU
		{E950CA24-FE13-4967-B513-878BEE0C3056}.Release|x64.Build.0 = Release|Any CPU
		{E950CA24-FE13-4967-B513-878BEE0C3056}.Release|x86.ActiveCfg = Release|Any CPU
		{E950CA24-FE13-4967-B513-878BEE0C3056}.Release|x86.Build.0 = Release|Any CPU
		{AC08C932-EE1C-4959-9D02-9B934D3C35BC}.Debug|Any CPU.ActiveCfg = Debug|Any CPU
		{AC08C932-EE1C-4959-9D02-9B934D3C35BC}.Debug|Any CPU.Build.0 = Debug|Any CPU
		{AC08C932-EE1C-4959-9D02-9B934D3C35BC}.Debug|x64.ActiveCfg = Debug|Any CPU
		{AC08C932-EE1C-4959-9D02-9B934D3C35BC}.Debug|x64.Build.0 = Debug|Any CPU
		{AC08C932-EE1C-4959-9D02-9B934D3C35BC}.Debug|x86.ActiveCfg = Debug|Any CPU
		{AC08C932-EE1C-4959-9D02-9B934D3C35BC}.Debug|x86.Build.0 = Debug|Any CPU
		{AC08C932-EE1C-4959-9D02-9B934D3C35BC}.Release|Any CPU.ActiveCfg = Release|Any CPU
		{AC08C932-EE1C-4959-9D02-9B934D3C35BC}.Release|Any CPU.Build.0 = Release|Any CPU
		{AC08C932-EE1C-4959-9D02-9B934D3C35BC}.Release|x64.ActiveCfg = Release|Any CPU
		{AC08C932-EE1C-4959-9D02-9B934D3C35BC}.Release|x64.Build.0 = Release|Any CPU
		{AC08C932-EE1C-4959-9D02-9B934D3C35BC}.Release|x86.ActiveCfg = Release|Any CPU
		{AC08C932-EE1C-4959-9D02-9B934D3C35BC}.Release|x86.Build.0 = Release|Any CPU
	EndGlobalSection
	GlobalSection(SolutionProperties) = preSolution
		HideSolutionNode = FALSE
	EndGlobalSection
EndGlobal
